
Microsoft Visual Studio Solution File, Format Version 11.00
# Visual Studio 2010
Project("{FAE04EC0-301F-11D3-BF4B-00C04F79EFBC}") = "ocust", "ocust\ocust.csproj", "{17B8FAE5-DD13-41C0-A020-64D06EC857BB}"
EndProject
Global
	GlobalSection(SolutionConfigurationPlatforms) = preSolution
		Debug|x86 = Debug|x86
		Release|x86 = Release|x86
	EndGlobalSection
	GlobalSection(ProjectConfigurationPlatforms) = postSolution
		{17B8FAE5-DD13-41C0-A020-64D06EC857BB}.Debug|x86.ActiveCfg = Debug|x86
		{17B8FAE5-DD13-41C0-A020-64D06EC857BB}.Debug|x86.Build.0 = Debug|x86
		{17B8FAE5-DD13-41C0-A020-64D06EC857BB}.Release|x86.ActiveCfg = Release|x86
		{17B8FAE5-DD13-41C0-A020-64D06EC857BB}.Release|x86.Build.0 = Release|x86
	EndGlobalSection
	GlobalSection(SolutionProperties) = preSolution
		HideSolutionNode = FALSE
	EndGlobalSection
EndGlobal
